
Microsoft Visual Studio Solution File, Format Version 12.00
# Visual Studio 15
VisualStudioVersion = 15.0.26730.16
MinimumVisualStudioVersion = 10.0.40219.1
Project("{FAE04EC0-301F-11D3-BF4B-00C04F79EFBC}") = "ConsoleApp1", "ConsoleApp1\ConsoleApp1.csproj", "{2ECFD832-09F3-4621-BB1D-2D4919B4EE5C}"
EndProject
Global
	GlobalSection(SolutionConfigurationPlatforms) = preSolution
		Debug|Any CPU = Debug|Any CPU
		Release|Any CPU = Release|Any CPU
	EndGlobalSection
	GlobalSection(ProjectConfigurationPlatforms) = postSolution
		{2ECFD832-09F3-4621-BB1D-2D4919B4EE5C}.Debug|Any CPU.ActiveCfg = Debug|Any CPU
		{2ECFD832-09F3-4621-BB1D-2D4919B4EE5C}.Debug|Any CPU.Build.0 = Debug|Any CPU
		{2ECFD832-09F3-4621-BB1D-2D4919B4EE5C}.Release|Any CPU.ActiveCfg = Release|Any CPU
		{2ECFD832-09F3-4621-BB1D-2D4919B4EE5C}.Release|Any CPU.Build.0 = Release|Any CPU
	EndGlobalSection
	GlobalSection(SolutionProperties) = preSolution
		HideSolutionNode = FALSE
	EndGlobalSection
	GlobalSection(ExtensibilityGlobals) = postSolution
		SolutionGuid = {5E2AACBA-05F6-472E-BEC9-1C1562B6093E}
	EndGlobalSection
EndGlobal
